
Microsoft Visual Studio Solution File, Format Version 12.00
# Visual Studio 15
VisualStudioVersion = 15.0.27130.2020
MinimumVisualStudioVersion = 10.0.40219.1
Project("{FAE04EC0-301F-11D3-BF4B-00C04F79EFBC}") = "PosNegNegPos", "PosNegNegPos\PosNegNegPos.csproj", "{FBAB3C06-ABA2-4A3F-A97E-CDEE3B3E48A3}"
EndProject
Project("{FAE04EC0-301F-11D3-BF4B-00C04F79EFBC}") = "ImgGen", "ImgGen\ImgGen.csproj", "{EE911B9C-0E9D-4D60-9D43-00EC15D2EC90}"
EndProject
Global
	GlobalSection(SolutionConfigurationPlatforms) = preSolution
		Debug|Any CPU = Debug|Any CPU
		Release|Any CPU = Release|Any CPU
	EndGlobalSection
	GlobalSection(ProjectConfigurationPlatforms) = postSolution
		{FBAB3C06-ABA2-4A3F-A97E-CDEE3B3E48A3}.Debug|Any CPU.ActiveCfg = Debug|Any CPU
		{FBAB3C06-ABA2-4A3F-A97E-CDEE3B3E48A3}.Debug|Any CPU.Build.0 = Debug|Any CPU
		{FBAB3C06-ABA2-4A3F-A97E-CDEE3B3E48A3}.Release|Any CPU.ActiveCfg = Release|Any CPU
		{FBAB3C06-ABA2-4A3F-A97E-CDEE3B3E48A3}.Release|Any CPU.Build.0 = Release|Any CPU
		{EE911B9C-0E9D-4D60-9D43-00EC15D2EC90}.Debug|Any CPU.ActiveCfg = Debug|Any CPU
		{EE911B9C-0E9D-4D60-9D43-00EC15D2EC90}.Debug|Any CPU.Build.0 = Debug|Any CPU
		{EE911B9C-0E9D-4D60-9D43-00EC15D2EC90}.Release|Any CPU.ActiveCfg = Release|Any CPU
		{EE911B9C-0E9D-4D60-9D43-00EC15D2EC90}.Release|Any CPU.Build.0 = Release|Any CPU
	EndGlobalSection
	GlobalSection(SolutionProperties) = preSolution
		HideSolutionNode = FALSE
	EndGlobalSection
	GlobalSection(ExtensibilityGlobals) = postSolution
		SolutionGuid = {32C0396C-0867-4329-91B7-68559DC414EC}
	EndGlobalSection
EndGlobal
